
Microsoft Visual Studio Solution File, Format Version 12.00
# Visual Studio Version 16
VisualStudioVersion = 16.0.29424.173
MinimumVisualStudioVersion = 10.0.40219.1
Project("{FAE04EC0-301F-11D3-BF4B-00C04F79EFBC}") = "PlantProject_mkII", "PlantProject_mkII\PlantProject_mkII.csproj", "{9447FE26-4F8B-4390-BC49-63572A213AC8}"
EndProject
Global
	GlobalSection(SolutionConfigurationPlatforms) = preSolution
		Debug|Any CPU = Debug|Any CPU
		Release|Any CPU = Release|Any CPU
	EndGlobalSection
	GlobalSection(ProjectConfigurationPlatforms) = postSolution
		{9447FE26-4F8B-4390-BC49-63572A213AC8}.Debug|Any CPU.ActiveCfg = Debug|Any CPU
		{9447FE26-4F8B-4390-BC49-63572A213AC8}.Debug|Any CPU.Build.0 = Debug|Any CPU
		{9447FE26-4F8B-4390-BC49-63572A213AC8}.Release|Any CPU.ActiveCfg = Release|Any CPU
		{9447FE26-4F8B-4390-BC49-63572A213AC8}.Release|Any CPU.Build.0 = Release|Any CPU
	EndGlobalSection
	GlobalSection(SolutionProperties) = preSolution
		HideSolutionNode = FALSE
	EndGlobalSection
	GlobalSection(ExtensibilityGlobals) = postSolution
		SolutionGuid = {6710B3EC-8173-4418-A02C-1761166E4DD9}
	EndGlobalSection
EndGlobal
